
Microsoft Visual Studio Solution File, Format Version 12.00
# Visual Studio 2013
VisualStudioVersion = 12.0.31101.0
MinimumVisualStudioVersion = 10.0.40219.1
Project("{FAE04EC0-301F-11D3-BF4B-00C04F79EFBC}") = "Abyss", "Abyss\Abyss.csproj", "{B2652E68-B47B-4A48-B1F9-60B95ABA8335}"
EndProject
Project("{FAE04EC0-301F-11D3-BF4B-00C04F79EFBC}") = "AbyssLibrary", "AbyssLibrary\AbyssLibrary.csproj", "{1264CB1E-E774-4211-9122-D720328A7AF8}"
EndProject
Project("{FAE04EC0-301F-11D3-BF4B-00C04F79EFBC}") = "AbyssScreen", "AbyssMonitor\AbyssScreen.csproj", "{477FE764-2428-4634-849E-58C42F3CA0C3}"
EndProject
Project("{FAE04EC0-301F-11D3-BF4B-00C04F79EFBC}") = "AbyssConsole", "AbyssConsole\AbyssConsole.csproj", "{B95520DF-8F93-4A3A-86E9-C349195F0FA3}"
EndProject
Global
	GlobalSection(SolutionConfigurationPlatforms) = preSolution
		Debug|Any CPU = Debug|Any CPU
		Release|Any CPU = Release|Any CPU
	EndGlobalSection
	GlobalSection(ProjectConfigurationPlatforms) = postSolution
		{B2652E68-B47B-4A48-B1F9-60B95ABA8335}.Debug|Any CPU.ActiveCfg = Debug|Any CPU
		{B2652E68-B47B-4A48-B1F9-60B95ABA8335}.Debug|Any CPU.Build.0 = Debug|Any CPU
		{B2652E68-B47B-4A48-B1F9-60B95ABA8335}.Release|Any CPU.ActiveCfg = Release|Any CPU
		{B2652E68-B47B-4A48-B1F9-60B95ABA8335}.Release|Any CPU.Build.0 = Release|Any CPU
		{1264CB1E-E774-4211-9122-D720328A7AF8}.Debug|Any CPU.ActiveCfg = Debug|Any CPU
		{1264CB1E-E774-4211-9122-D720328A7AF8}.Debug|Any CPU.Build.0 = Debug|Any CPU
		{1264CB1E-E774-4211-9122-D720328A7AF8}.Release|Any CPU.ActiveCfg = Release|Any CPU
		{1264CB1E-E774-4211-9122-D720328A7AF8}.Release|Any CPU.Build.0 = Release|Any CPU
		{477FE764-2428-4634-849E-58C42F3CA0C3}.Debug|Any CPU.ActiveCfg = Debug|Any CPU
		{477FE764-2428-4634-849E-58C42F3CA0C3}.Debug|Any CPU.Build.0 = Debug|Any CPU
		{477FE764-2428-4634-849E-58C42F3CA0C3}.Release|Any CPU.ActiveCfg = Release|Any CPU
		{477FE764-2428-4634-849E-58C42F3CA0C3}.Release|Any CPU.Build.0 = Release|Any CPU
		{B95520DF-8F93-4A3A-86E9-C349195F0FA3}.Debug|Any CPU.ActiveCfg = Debug|Any CPU
		{B95520DF-8F93-4A3A-86E9-C349195F0FA3}.Debug|Any CPU.Build.0 = Debug|Any CPU
		{B95520DF-8F93-4A3A-86E9-C349195F0FA3}.Release|Any CPU.ActiveCfg = Release|Any CPU
		{B95520DF-8F93-4A3A-86E9-C349195F0FA3}.Release|Any CPU.Build.0 = Release|Any CPU
	EndGlobalSection
	GlobalSection(SolutionProperties) = preSolution
		HideSolutionNode = FALSE
	EndGlobalSection
EndGlobal
